// !$*UTF8*$!
{
	archiveVersion = 1;
	classes = {
	};
	objectVersion = 50;
	objects = {

/* Begin PBXBuildFile section */
		670CDDE721FECB0C005B8D69 /* AppDelegate.swift in Sources */ = {isa = PBXBuildFile; fileRef = 670CDDE621FECB0C005B8D69 /* AppDelegate.swift */; };
		670CDDE921FECB0C005B8D69 /* ViewController.swift in Sources */ = {isa = PBXBuildFile; fileRef = 670CDDE821FECB0C005B8D69 /* ViewController.swift */; };
		670CDDEC21FECB0C005B8D69 /* Main.storyboard in Resources */ = {isa = PBXBuildFile; fileRef = 670CDDEA21FECB0C005B8D69 /* Main.storyboard */; };
		670CDDEE21FECB0E005B8D69 /* Assets.xcassets in Resources */ = {isa = PBXBuildFile; fileRef = 670CDDED21FECB0E005B8D69 /* Assets.xcassets */; };
		670CDDF121FECB0E005B8D69 /* LaunchScreen.storyboard in Resources */ = {isa = PBXBuildFile; fileRef = 670CDDEF21FECB0E005B8D69 /* LaunchScreen.storyboard */; };
/* End PBXBuildFile section */

/* Begin PBXFileReference section */
		670CDDE321FECB0C005B8D69 /* AppleMusicKitDemo.app */ = {isa = PBXFileReference; explicitFileType = wrapper.application; includeInIndex = 0; path = AppleMusicKitDemo.app; sourceTree = BUILT_PRODUCTS_DIR; };
		670CDDE621FECB0C005B8D69 /* AppDelegate.swift */ = {isa = PBXFileReference; lastKnownFileType = sourcecode.swift; path = AppDelegate.swift; sourceTree = "<group>"; };
		670CDDE821FECB0C005B8D69 /* ViewController.swift */ = {isa = PBXFileReference; lastKnownFileType = sourcecode.swift; path = ViewController.swift; sourceTree = "<group>"; };
		670CDDEB21FECB0C005B8D69 /* Base */ = {isa = PBXFileReference; lastKnownFileType = file.storyboard; name = Base; path = Base.lproj/Main.storyboard; sourceTree = "<group>"; };
		670CDDED21FECB0E005B8D69 /* Assets.xcassets */ = {isa = PBXFileReference; lastKnownFileType = folder.assetcatalog; path = Assets.xcassets; sourceTree = "<group>"; };
		670CDDF021FECB0E005B8D69 /* Base */ = {isa = PBXFileReference; lastKnownFileType = file.storyboard; name = Base; path = Base.lproj/LaunchScreen.storyboard; sourceTree = "<group>"; };
		670CDDF221FECB0E005B8D69 /* Info.plist */ = {isa = PBXFileReference; lastKnownFileType = text.plist.xml; path = Info.plist; sourceTree = "<group>"; };
/* End PBXFileReference section */

/* Begin PBXFrameworksBuildPhase section */
		670CDDE021FECB0C005B8D69 /* Frameworks */ = {
			isa = PBXFrameworksBuildPhase;
			buildActionMask = 2147483647;
			files = (
			);
			runOnlyForDeploymentPostprocessing = 0;
		};
/* End PBXFrameworksBuildPhase section */

/* Begin PBXGroup section */
		670CDDDA21FECB0C005B8D69 = {
			isa = PBXGroup;
			children = (
				670CDDE521FECB0C005B8D69 /* AppleMusicKitDemo */,
				670CDDE421FECB0C005B8D69 /* Products */,
			);
			sourceTree = "<group>";
		};
		670CDDE421FECB0C005B8D69 /* Products */ = {
			isa = PBXGroup;
			children = (
				670CDDE321FECB0C005B8D69 /* AppleMusicKitDemo.app */,
			);
			name = Products;
			sourceTree = "<group>";
		};
		670CDDE521FECB0C005B8D69 /* AppleMusicKitDemo */ = {
			isa = PBXGroup;
			children = (
				670CDDE621FECB0C005B8D69 /* AppDelegate.swift */,
				670CDDE821FECB0C005B8D69 /* ViewController.swift */,
				670CDDEA21FECB0C005B8D69 /* Main.storyboard */,
				670CDDED21FECB0E005B8D69 /* Assets.xcassets */,
				670CDDEF21FECB0E005B8D69 /* LaunchScreen.storyboard */,
				670CDDF221FECB0E005B8D69 /* Info.plist */,
			);
			path = AppleMusicKitDemo;
			sourceTree = "<group>";
		};
/* End PBXGroup section */

/* Begin PBXNativeTarget section */
		670CDDE221FECB0C005B8D69 /* AppleMusicKitDemo */ = {
			isa = PBXNativeTarget;
			buildConfigurationList = 670CDDF521FECB0E005B8D69 /* Build configuration list for PBXNativeTarget "AppleMusicKitDemo" */;
			buildPhases = (
				670CDDDF21FECB0C005B8D69 /* Sources */,
				670CDDE021FECB0C005B8D69 /* Frameworks */,
				670CDDE121FECB0C005B8D69 /* Resources */,
			);
			buildRules = (
			);
			dependencies = (
			);
			name = AppleMusicKitDemo;
			productName = AppleMusicKitDemo;
			productReference = 670CDDE321FECB0C005B8D69 /* AppleMusicKitDemo.app */;
			productType = "com.apple.product-type.application";
		};
/* End PBXNativeTarget section */

/* Begin PBXProject section */
		670CDDDB21FECB0C005B8D69 /* Project object */ = {
			isa = PBXProject;
			attributes = {
				LastSwiftUpdateCheck = 1010;
				LastUpgradeCheck = 1010;
				ORGANIZATIONNAME = "Chaman Gurjar";
				TargetAttributes = {
					670CDDE221FECB0C005B8D69 = {
						CreatedOnToolsVersion = 10.1;
					};
				};
			};
			buildConfigurationList = 670CDDDE21FECB0C005B8D69 /* Build configuration list for PBXProject "AppleMusicKitDemo" */;
			compatibilityVersion = "Xcode 9.3";
			developmentRegion = en;
			hasScannedForEncodings = 0;
			knownRegions = (
				en,
				Base,
			);
			mainGroup = 670CDDDA21FECB0C005B8D69;
			productRefGroup = 670CDDE421FECB0C005B8D69 /* Products */;
			projectDirPath = "";
			projectRoot = "";
			targets = (
				670CDDE221FECB0C005B8D69 /* AppleMusicKitDemo */,
			);
		};
/* End PBXProject section */

/* Begin PBXResourcesBuildPhase section */
		670CDDE121FECB0C005B8D69 /* Resources */ = {
			isa = PBXResourcesBuildPhase;
			buildActionMask = 2147483647;
			files = (
				670CDDF121FECB0E005B8D69 /* LaunchScreen.storyboard in Resources */,
				670CDDEE21FECB0E005B8D69 /* Assets.xcassets in Resources */,
				670CDDEC21FECB0C005B8D69 /* Main.storyboard in Resources */,
			);
			runOnlyForDeploymentPostprocessing = 0;
		};
/* End PBXResourcesBuildPhase section */

/* Begin PBXSourcesBuildPhase section */
		670CDDDF21FECB0C005B8D69 /* Sources */ = {
			isa = PBXSourcesBuildPhase;
			buildActionMask = 2147483647;
			files = (
				670CDDE921FECB0C005B8D69 /* ViewController.swift in Sources */,
				670CDDE721FECB0C005B8D69 /* AppDelegate.swift in Sources */,
			);
			runOnlyForDeploymentPostprocessing = 0;
		};
/* End PBXSourcesBuildPhase section */

/* Begin PBXVariantGroup section */
		670CDDEA21FECB0C005B8D69 /* Main.storyboard */ = {
			isa = PBXVariantGroup;
			children = (
				670CDDEB21FECB0C005B8D69 /* Base */,
			);
			name = Main.storyboard;
			sourceTree = "<group>";
		};
		670CDDEF21FECB0E005B8D69 /* LaunchScreen.storyboard */ = {
			isa = PBXVariantGroup;
			children = (
				670CDDF021FECB0E005B8D69 /* Base */,
			);
			name = LaunchScreen.storyboard;
			sourceTree = "<group>";
		};
/* End PBXVariantGroup section */

/* Begin XCBuildConfiguration section */
		670CDDF321FECB0E005B8D69 /* Debug */ = {
			isa = XCBuildConfiguration;
			buildSettings = {
				ALWAYS_SEARCH_USER_PATHS = NO;
				CLANG_ANALYZER_NONNULL = YES;
				CLANG_ANALYZER_NUMBER_OBJECT_CONVERSION = YES_AGGRESSIVE;
				CLANG_CXX_LANGUAGE_STANDARD = "gnu++14";
				CLANG_CXX_LIBRARY = "libc++";
				CLANG_ENABLE_MODULES = YES;
				CLANG_ENABLE_OBJC_ARC = YES;
				CLANG_ENABLE_OBJC_WEAK = YES;
				CLANG_WARN_BLOCK_CAPTURE_AUTORELEASING = YES;
				CLANG_WARN_BOOL_CONVERSION = YES;
				CLANG_WARN_COMMA = YES;
				CLANG_WARN_CONSTANT_CONVERSION = YES;
				CLANG_WARN_DEPRECATED_OBJC_IMPLEMENTATIONS = YES;
				CLANG_WARN_DIRECT_OBJC_ISA_USAGE = YES_ERROR;
				CLANG_WARN_DOCUMENTATION_COMMENTS = YES;
				CLANG_WARN_EMPTY_BODY = YES;
				CLANG_WARN_ENUM_CONVERSION = YES;
				CLANG_WARN_INFINITE_RECURSION = YES;
				CLANG_WARN_INT_CONVERSION = YES;
				CLANG_WARN_NON_LITERAL_NULL_CONVERSION = YES;
				CLANG_WARN_OBJC_IMPLICIT_RETAIN_SELF = YES;
				CLANG_WARN_OBJC_LITERAL_CONVERSION = YES;
				CLANG_WARN_OBJC_ROOT_CLASS = YES_ERROR;
				CLANG_WARN_RANGE_LOOP_ANALYSIS = YES;
				CLANG_WARN_STRICT_PROTOTYPES = YES;
				CLANG_WARN_SUSPICIOUS_MOVE = YES;
				CLANG_WARN_UNGUARDED_AVAILABILITY = YES_AGGRESSIVE;
				CLANG_WARN_UNREACHABLE_CODE = YES;
				CLANG_WARN__DUPLICATE_METHOD_MATCH = YES;
				CODE_SIGN_IDENTITY = "iPhone Developer";
				COPY_PHASE_STRIP = NO;
				DEBUG_INFORMATION_FORMAT = dwarf;
				ENABLE_STRICT_OBJC_MSGSEND = YES;
				ENABLE_TESTABILITY = YES;
				GCC_C_LANGUAGE_STANDARD = gnu11;
				GCC_DYNAMIC_NO_PIC = NO;
				GCC_NO_COMMON_BLOCKS = YES;
				GCC_OPTIMIZATION_LEVEL = 0;
				GCC_PREPROCESSOR_DEFINITIONS = (
					"DEBUG=1",
					"$(inherited)",
				);
				GCC_WARN_64_TO_32_BIT_CONVERSION = YES;
				GCC_WARN_ABOUT_RETURN_TYPE = YES_ERROR;
				GCC_WARN_UNDECLARED_SELECTOR = YES;
				GCC_WARN_UNINITIALIZED_AUTOS = YES_AGGRESSIVE;
				GCC_WARN_UNUSED_FUNCTION = YES;
				GCC_WARN_UNUSED_VARIABLE = YES;
				IPHONEOS_DEPLOYMENT_TARGET = 12.1;
				MTL_ENABLE_DEBUG_INFO = INCLUDE_SOURCE;
				MTL_FAST_MATH = YES;
				ONLY_ACTIVE_ARCH = YES;
				SDKROOT = iphoneos;
				SWIFT_ACTIVE_COMPILATION_CONDITIONS = DEBUG;
				SWIFT_OPTIMIZATION_LEVEL = "-Onone";
			};
			name = Debug;
		};
		670CDDF421FECB0E005B8D69 /* Release */ = {
			isa = XCBuildConfiguration;
			buildSettings = {
				ALWAYS_SEARCH_USER_PATHS = NO;
				CLANG_ANALYZER_NONNULL = YES;
				CLANG_ANALYZER_NUMBER_OBJECT_CONVERSION = YES_AGGRESSIVE;
				CLANG_CXX_LANGUAGE_STANDARD = "gnu++14";
				CLANG_CXX_LIBRARY = "libc++";
				CLANG_ENABLE_MODULES = YES;
				CLANG_ENABLE_OBJC_ARC = YES;
				CLANG_ENABLE_OBJC_WEAK = YES;
				CLANG_WARN_BLOCK_CAPTURE_AUTORELEASING = YES;
				CLANG_WARN_BOOL_CONVERSION = YES;
				CLANG_WARN_COMMA = YES;
				CLANG_WARN_CONSTANT_CONVERSION = YES;
				CLANG_WARN_DEPRECATED_OBJC_IMPLEMENTATIONS = YES;
				CLANG_WARN_DIRECT_OBJC_ISA_USAGE = YES_ERROR;
				CLANG_WARN_DOCUMENTATION_COMMENTS = YES;
				CLANG_WARN_EMPTY_BODY = YES;
				CLANG_WARN_ENUM_CONVERSION = YES;
				CLANG_WARN_INFINITE_RECURSION = YES;
				CLANG_WARN_INT_CONVERSION = YES;
				CLANG_WARN_NON_LITERAL_NULL_CONVERSION = YES;
				CLANG_WARN_OBJC_IMPLICIT_RETAIN_SELF = YES;
				CLANG_WARN_OBJC_LITERAL_CONVERSION = YES;
				CLANG_WARN_OBJC_ROOT_CLASS = YES_ERROR;
				CLANG_WARN_RANGE_LOOP_ANALYSIS = YES;
				CLANG_WARN_STRICT_PROTOTYPES = YES;
				CLANG_WARN_SUSPICIOUS_MOVE = YES;
				CLANG_WARN_UNGUARDED_AVAILABILITY = YES_AGGRESSIVE;
				CLANG_WARN_UNREACHABLE_CODE = YES;
				CLANG_WARN__DUPLICATE_METHOD_MATCH = YES;
				CODE_SIGN_IDENTITY = "iPhone Developer";
				COPY_PHASE_STRIP = NO;
				DEBUG_INFORMATION_FORMAT = "dwarf-with-dsym";
				ENABLE_NS_ASSERTIONS = NO;
				ENABLE_STRICT_OBJC_MSGSEND = YES;
				GCC_C_LANGUAGE_STANDARD = gnu11;
				GCC_NO_COMMON_BLOCKS = YES;
				GCC_WARN_64_TO_32_BIT_CONVERSION = YES;
				GCC_WARN_ABOUT_RETURN_TYPE = YES_ERROR;
				GCC_WARN_UNDECLARED_SELECTOR = YES;
				GCC_WARN_UNINITIALIZED_AUTOS = YES_AGGRESSIVE;
				GCC_WARN_UNUSED_FUNCTION = YES;
				GCC_WARN_UNUSED_VARIABLE = YES;
				IPHONEOS_DEPLOYMENT_TARGET = 12.1;
				MTL_ENABLE_DEBUG_INFO = NO;
				MTL_FAST_MATH = YES;
				SDKROOT = iphoneos;
				SWIFT_COMPILATION_MODE = wholemodule;
				SWIFT_OPTIMIZATION_LEVEL = "-O";
				VALIDATE_PRODUCT = YES;
			};
			name = Release;
		};
		670CDDF621FECB0E005B8D69 /* Debug */ = {
			isa = XCBuildConfiguration;
			buildSettings = {
				ASSETCATALOG_COMPILER_APPICON_NAME = AppIcon;
				CODE_SIGN_STYLE = Automatic;
				DEVELOPMENT_TEAM = FW8CQ2YARN;
				INFOPLIST_FILE = AppleMusicKitDemo/Info.plist;
				LD_RUNPATH_SEARCH_PATHS = (
					"$(inherited)",
					"@executable_path/Frameworks",
				);
				PRODUCT_BUNDLE_IDENTIFIER = com.gurjar.chaman.AppleMusicKitDemo;
				PRODUCT_NAME = "$(TARGET_NAME)";
				SWIFT_VERSION = 4.2;
				TARGETED_DEVICE_FAMILY = "1,2";
			};
			name = Debug;
		};
		670CDDF721FECB0E005B8D69 /* Release */ = {
			isa = XCBuildConfiguration;
			buildSettings = {
				ASSETCATALOG_COMPILER_APPICON_NAME = AppIcon;
				CODE_SIGN_STYLE = Automatic;
				DEVELOPMENT_TEAM = FW8CQ2YARN;
				INFOPLIST_FILE = AppleMusicKitDemo/Info.plist;
				LD_RUNPATH_SEARCH_PATHS = (
					"$(inherited)",
					"@executable_path/Frameworks",
				);
				PRODUCT_BUNDLE_IDENTIFIER = com.gurjar.chaman.AppleMusicKitDemo;
				PRODUCT_NAME = "$(TARGET_NAME)";
				SWIFT_VERSION = 4.2;
				TARGETED_DEVICE_FAMILY = "1,2";
			};
			name = Release;
		};
/* End XCBuildConfiguration section */

/* Begin XCConfigurationList section */
		670CDDDE21FECB0C005B8D69 /* Build configuration list for PBXProject "AppleMusicKitDemo" */ = {
			isa = XCConfigurationList;
			buildConfigurations = (
				670CDDF321FECB0E005B8D69 /* Debug */,
				670CDDF421FECB0E005B8D69 /* Release */,
			);
			defaultConfigurationIsVisible = 0;
			defaultConfigurationName = Release;
		};
		670CDDF521FECB0E005B8D69 /* Build configuration list for PBXNativeTarget "AppleMusicKitDemo" */ = {
			isa = XCConfigurationList;
			buildConfigurations = (
				670CDDF621FECB0E005B8D69 /* Debug */,
				670CDDF721FECB0E005B8D69 /* Release */,
			);
			defaultConfigurationIsVisible = 0;
			defaultConfigurationName = Release;
		};
/* End XCConfigurationList section */
	};
	rootObject = 670CDDDB21FECB0C005B8D69 /* Project object */;
}
